{
  "version": 4,
  "terraform_version": "1.7.5",
  "serial": 168,
  "lineage": "f565c19b-2d5b-9e30-03ed-3ef3ea6a2835",
  "outputs": {},
  "resources": [
    {
      "mode": "managed",
      "type": "aws_iam_policy",
      "name": "iam_policy_for_lambda",
      "provider": "provider[\"registry.terraform.io/hashicorp/aws\"]",
      "instances": [
        {
          "schema_version": 0,
          "attributes": {
            "arn": "arn:aws:iam::891377255640:policy/aws_iam_policy_for_terraform_aws_lambda_role",
            "attachment_count": 1,
            "description": "AWS IAM Policy for managing aws lambda role",
            "id": "arn:aws:iam::891377255640:policy/aws_iam_policy_for_terraform_aws_lambda_role",
            "name": "aws_iam_policy_for_terraform_aws_lambda_role",
            "name_prefix": "",
            "path": "/",
            "policy": "{\"Statement\":[{\"Action\":[\"logs:CreateLogGroup\",\"logs:CreateLogStream\",\"logs:PutLogEvents\"],\"Effect\":\"Allow\",\"Resource\":\"arn:aws:logs:*:*:*\"},{\"Action\":[\"lambda:InvokeFunction\"],\"Effect\":\"Allow\",\"Resource\":\"*\"}],\"Version\":\"2012-10-17\"}",
            "policy_id": "ANPA47CRZQTMD2NVFTGA2",
            "tags": {},
            "tags_all": {}
          },
          "sensitive_attributes": [],
          "private": "bnVsbA=="
        }
      ]
    },
    {
      "mode": "managed",
      "type": "aws_iam_role",
      "name": "lambda_exec",
      "provider": "provider[\"registry.terraform.io/hashicorp/aws\"]",
      "instances": [
        {
          "schema_version": 0,
          "attributes": {
            "arn": "arn:aws:iam::891377255640:role/serverless_example_lambda",
            "assume_role_policy": "{\"Statement\":[{\"Action\":\"sts:AssumeRole\",\"Effect\":\"Allow\",\"Principal\":{\"Service\":\"lambda.amazonaws.com\"},\"Sid\":\"\"}],\"Version\":\"2012-10-17\"}",
            "create_date": "2024-06-27T17:08:58Z",
            "description": "",
            "force_detach_policies": false,
            "id": "serverless_example_lambda",
            "inline_policy": [],
            "managed_policy_arns": [
              "arn:aws:iam::891377255640:policy/aws_iam_policy_for_terraform_aws_lambda_role"
            ],
            "max_session_duration": 3600,
            "name": "serverless_example_lambda",
            "name_prefix": "",
            "path": "/",
            "permissions_boundary": "",
            "tags": {},
            "tags_all": {},
            "unique_id": "AROA47CRZQTMFDSTVE4ZV"
          },
          "sensitive_attributes": [],
          "private": "bnVsbA==",
          "create_before_destroy": true
        }
      ]
    },
    {
      "mode": "managed",
      "type": "aws_iam_role_policy_attachment",
      "name": "attach_iam_policy_to_iam_role",
      "provider": "provider[\"registry.terraform.io/hashicorp/aws\"]",
      "instances": [
        {
          "schema_version": 0,
          "attributes": {
            "id": "serverless_example_lambda-20240627170859215200000001",
            "policy_arn": "arn:aws:iam::891377255640:policy/aws_iam_policy_for_terraform_aws_lambda_role",
            "role": "serverless_example_lambda"
          },
          "sensitive_attributes": [],
          "private": "bnVsbA==",
          "dependencies": [
            "aws_iam_policy.iam_policy_for_lambda",
            "aws_iam_role.lambda_exec"
          ]
        }
      ]
    },
    {
      "module": "module.API_REST",
      "mode": "managed",
      "type": "aws_api_gateway_deployment",
      "name": "Deployment_API",
      "provider": "provider[\"registry.terraform.io/hashicorp/aws\"]",
      "instances": [
        {
          "schema_version": 0,
          "attributes": {
            "canary_settings": [],
            "created_date": "2024-06-27T17:09:13Z",
            "description": "",
            "execution_arn": "arn:aws:execute-api:eu-west-1:891377255640:the1tn4x18/",
            "id": "4nh6eh",
            "invoke_url": "https://the1tn4x18.execute-api.eu-west-1.amazonaws.com/",
            "rest_api_id": "the1tn4x18",
            "stage_description": null,
            "stage_name": null,
            "triggers": {
              "redeployment": "2be88ca4242c76e8253ac62474851065032d6833"
            },
            "variables": null
          },
          "sensitive_attributes": [],
          "private": "bnVsbA==",
          "dependencies": [
            "aws_iam_role.lambda_exec",
            "module.API_REST.aws_api_gateway_integration.GET_integration",
            "module.API_REST.aws_api_gateway_integration.POST_integration",
            "module.API_REST.aws_api_gateway_method.GET_METHOD",
            "module.API_REST.aws_api_gateway_method.POST_METHOD",
            "module.API_REST.aws_api_gateway_resource.valRessource",
            "module.API_REST.aws_api_gateway_rest_api.valAPI",
            "module.lambda.aws_lambda_function.test_lambda"
          ],
          "create_before_destroy": true
        }
      ]
    },
    {
      "module": "module.API_REST",
      "mode": "managed",
      "type": "aws_api_gateway_integration",
      "name": "GET_integration",
      "provider": "provider[\"registry.terraform.io/hashicorp/aws\"]",
      "instances": [
        {
          "schema_version": 0,
          "attributes": {
            "cache_key_parameters": [],
            "cache_namespace": "07tc1i",
            "connection_id": "",
            "connection_type": "INTERNET",
            "content_handling": "",
            "credentials": "",
            "http_method": "GET",
            "id": "agi-the1tn4x18-07tc1i-GET",
            "integration_http_method": "GET",
            "passthrough_behavior": "WHEN_NO_MATCH",
            "request_parameters": {},
            "request_templates": {},
            "resource_id": "07tc1i",
            "rest_api_id": "the1tn4x18",
            "timeout_milliseconds": 29000,
            "tls_config": [],
            "type": "AWS_PROXY",
            "uri": "arn:aws:apigateway:eu-west-1:lambda:path/2015-03-31/functions/arn:aws:lambda:eu-west-1:891377255640:function:lambda_handler/invocations"
          },
          "sensitive_attributes": [],
          "private": "bnVsbA==",
          "dependencies": [
            "aws_iam_role.lambda_exec",
            "module.API_REST.aws_api_gateway_method.GET_METHOD",
            "module.API_REST.aws_api_gateway_resource.valRessource",
            "module.API_REST.aws_api_gateway_rest_api.valAPI",
            "module.lambda.aws_lambda_function.test_lambda"
          ],
          "create_before_destroy": true
        }
      ]
    },
    {
      "module": "module.API_REST",
      "mode": "managed",
      "type": "aws_api_gateway_integration",
      "name": "POST_integration",
      "provider": "provider[\"registry.terraform.io/hashicorp/aws\"]",
      "instances": [
        {
          "schema_version": 0,
          "attributes": {
            "cache_key_parameters": [],
            "cache_namespace": "07tc1i",
            "connection_id": "",
            "connection_type": "INTERNET",
            "content_handling": "",
            "credentials": "",
            "http_method": "POST",
            "id": "agi-the1tn4x18-07tc1i-POST",
            "integration_http_method": "POST",
            "passthrough_behavior": "WHEN_NO_MATCH",
            "request_parameters": {},
            "request_templates": {},
            "resource_id": "07tc1i",
            "rest_api_id": "the1tn4x18",
            "timeout_milliseconds": 29000,
            "tls_config": [],
            "type": "AWS_PROXY",
            "uri": "arn:aws:apigateway:eu-west-1:lambda:path/2015-03-31/functions/arn:aws:lambda:eu-west-1:891377255640:function:lambda_handler/invocations"
          },
          "sensitive_attributes": [],
          "private": "bnVsbA==",
          "dependencies": [
            "aws_iam_role.lambda_exec",
            "module.API_REST.aws_api_gateway_method.POST_METHOD",
            "module.API_REST.aws_api_gateway_resource.valRessource",
            "module.API_REST.aws_api_gateway_rest_api.valAPI",
            "module.lambda.aws_lambda_function.test_lambda"
          ],
          "create_before_destroy": true
        }
      ]
    },
    {
      "module": "module.API_REST",
      "mode": "managed",
      "type": "aws_api_gateway_method",
      "name": "GET_METHOD",
      "provider": "provider[\"registry.terraform.io/hashicorp/aws\"]",
      "instances": [
        {
          "schema_version": 0,
          "attributes": {
            "api_key_required": false,
            "authorization": "NONE",
            "authorization_scopes": [],
            "authorizer_id": "",
            "http_method": "GET",
            "id": "agm-the1tn4x18-07tc1i-GET",
            "operation_name": "",
            "request_models": {},
            "request_parameters": {},
            "request_validator_id": "",
            "resource_id": "07tc1i",
            "rest_api_id": "the1tn4x18"
          },
          "sensitive_attributes": [],
          "private": "bnVsbA==",
          "dependencies": [
            "aws_iam_role.lambda_exec",
            "module.API_REST.aws_api_gateway_resource.valRessource",
            "module.API_REST.aws_api_gateway_rest_api.valAPI",
            "module.lambda.aws_lambda_function.test_lambda"
          ],
          "create_before_destroy": true
        }
      ]
    },
    {
      "module": "module.API_REST",
      "mode": "managed",
      "type": "aws_api_gateway_method",
      "name": "POST_METHOD",
      "provider": "provider[\"registry.terraform.io/hashicorp/aws\"]",
      "instances": [
        {
          "schema_version": 0,
          "attributes": {
            "api_key_required": false,
            "authorization": "NONE",
            "authorization_scopes": [],
            "authorizer_id": "",
            "http_method": "POST",
            "id": "agm-the1tn4x18-07tc1i-POST",
            "operation_name": "",
            "request_models": {},
            "request_parameters": {},
            "request_validator_id": "",
            "resource_id": "07tc1i",
            "rest_api_id": "the1tn4x18"
          },
          "sensitive_attributes": [],
          "private": "bnVsbA==",
          "dependencies": [
            "aws_iam_role.lambda_exec",
            "module.API_REST.aws_api_gateway_resource.valRessource",
            "module.API_REST.aws_api_gateway_rest_api.valAPI",
            "module.lambda.aws_lambda_function.test_lambda"
          ],
          "create_before_destroy": true
        }
      ]
    },
    {
      "module": "module.API_REST",
      "mode": "managed",
      "type": "aws_api_gateway_resource",
      "name": "valRessource",
      "provider": "provider[\"registry.terraform.io/hashicorp/aws\"]",
      "instances": [
        {
          "schema_version": 0,
          "attributes": {
            "id": "07tc1i",
            "parent_id": "6e20xuhjce",
            "path": "/hello",
            "path_part": "hello",
            "rest_api_id": "the1tn4x18"
          },
          "sensitive_attributes": [],
          "private": "bnVsbA==",
          "dependencies": [
            "aws_iam_role.lambda_exec",
            "module.API_REST.aws_api_gateway_rest_api.valAPI",
            "module.lambda.aws_lambda_function.test_lambda"
          ],
          "create_before_destroy": true
        }
      ]
    },
    {
      "module": "module.API_REST",
      "mode": "managed",
      "type": "aws_api_gateway_rest_api",
      "name": "valAPI",
      "provider": "provider[\"registry.terraform.io/hashicorp/aws\"]",
      "instances": [
        {
          "schema_version": 0,
          "attributes": {
            "api_key_source": "HEADER",
            "arn": "arn:aws:apigateway:eu-west-1::/restapis/the1tn4x18",
            "binary_media_types": [],
            "body": null,
            "created_date": "2024-06-27T17:09:12Z",
            "description": "",
            "disable_execute_api_endpoint": false,
            "endpoint_configuration": [
              {
                "types": [
                  "REGIONAL"
                ],
                "vpc_endpoint_ids": []
              }
            ],
            "execution_arn": "arn:aws:execute-api:eu-west-1:891377255640:the1tn4x18",
            "fail_on_warnings": null,
            "id": "the1tn4x18",
            "minimum_compression_size": "",
            "name": "valAPI",
            "parameters": null,
            "policy": "",
            "put_rest_api_mode": null,
            "root_resource_id": "6e20xuhjce",
            "tags": {},
            "tags_all": {}
          },
          "sensitive_attributes": [],
          "private": "bnVsbA==",
          "dependencies": [
            "aws_iam_role.lambda_exec",
            "module.lambda.aws_lambda_function.test_lambda"
          ],
          "create_before_destroy": true
        }
      ]
    },
    {
      "module": "module.API_REST",
      "mode": "managed",
      "type": "aws_api_gateway_stage",
      "name": "valstage",
      "provider": "provider[\"registry.terraform.io/hashicorp/aws\"]",
      "instances": [
        {
          "schema_version": 0,
          "attributes": {
            "access_log_settings": [],
            "arn": "arn:aws:apigateway:eu-west-1::/restapis/the1tn4x18/stages/valstage",
            "cache_cluster_enabled": false,
            "cache_cluster_size": "",
            "canary_settings": [],
            "client_certificate_id": "",
            "deployment_id": "4nh6eh",
            "description": "",
            "documentation_version": "",
            "execution_arn": "arn:aws:execute-api:eu-west-1:891377255640:the1tn4x18/valstage",
            "id": "ags-the1tn4x18-valstage",
            "invoke_url": "https://the1tn4x18.execute-api.eu-west-1.amazonaws.com/valstage",
            "rest_api_id": "the1tn4x18",
            "stage_name": "valstage",
            "tags": {},
            "tags_all": {},
            "variables": {},
            "web_acl_arn": "",
            "xray_tracing_enabled": false
          },
          "sensitive_attributes": [],
          "private": "bnVsbA==",
          "dependencies": [
            "aws_iam_role.lambda_exec",
            "module.API_REST.aws_api_gateway_deployment.Deployment_API",
            "module.API_REST.aws_api_gateway_integration.GET_integration",
            "module.API_REST.aws_api_gateway_integration.POST_integration",
            "module.API_REST.aws_api_gateway_method.GET_METHOD",
            "module.API_REST.aws_api_gateway_method.POST_METHOD",
            "module.API_REST.aws_api_gateway_resource.valRessource",
            "module.API_REST.aws_api_gateway_rest_api.valAPI",
            "module.lambda.aws_lambda_function.test_lambda"
          ]
        }
      ]
    },
    {
      "module": "module.lambda",
      "mode": "managed",
      "type": "aws_lambda_function",
      "name": "test_lambda",
      "provider": "provider[\"registry.terraform.io/hashicorp/aws\"]",
      "instances": [
        {
          "schema_version": 0,
          "attributes": {
            "architectures": [
              "x86_64"
            ],
            "arn": "arn:aws:lambda:eu-west-1:891377255640:function:lambda_handler",
            "code_sha256": "Niti+i/TcISLSkytAzlc6i2wWTFPlB8e2RPGVdK5b3c=",
            "code_signing_config_arn": "",
            "dead_letter_config": [],
            "description": "",
            "environment": [],
            "ephemeral_storage": [
              {
                "size": 512
              }
            ],
            "file_system_config": [],
            "filename": "lambda_app.zip",
            "function_name": "lambda_handler",
            "handler": "lambda_app.lambda_handler",
            "id": "lambda_handler",
            "image_config": [],
            "image_uri": "",
            "invoke_arn": "arn:aws:apigateway:eu-west-1:lambda:path/2015-03-31/functions/arn:aws:lambda:eu-west-1:891377255640:function:lambda_handler/invocations",
            "kms_key_arn": "",
            "last_modified": "2024-06-27T17:45:29.000+0000",
            "layers": [],
            "logging_config": [
              {
                "application_log_level": "",
                "log_format": "Text",
                "log_group": "/aws/lambda/lambda_handler",
                "system_log_level": ""
              }
            ],
            "memory_size": 128,
            "package_type": "Zip",
            "publish": false,
            "qualified_arn": "arn:aws:lambda:eu-west-1:891377255640:function:lambda_handler:$LATEST",
            "qualified_invoke_arn": "arn:aws:apigateway:eu-west-1:lambda:path/2015-03-31/functions/arn:aws:lambda:eu-west-1:891377255640:function:lambda_handler:$LATEST/invocations",
            "replace_security_groups_on_destroy": null,
            "replacement_security_group_ids": null,
            "reserved_concurrent_executions": -1,
            "role": "arn:aws:iam::891377255640:role/serverless_example_lambda",
            "runtime": "python3.11",
            "s3_bucket": null,
            "s3_key": null,
            "s3_object_version": null,
            "signing_job_arn": "",
            "signing_profile_version_arn": "",
            "skip_destroy": false,
            "snap_start": [],
            "source_code_hash": "",
            "source_code_size": 358,
            "tags": {},
            "tags_all": {},
            "timeout": 3,
            "timeouts": null,
            "tracing_config": [
              {
                "mode": "PassThrough"
              }
            ],
            "version": "$LATEST",
            "vpc_config": []
          },
          "sensitive_attributes": [],
          "private": "eyJlMmJmYjczMC1lY2FhLTExZTYtOGY4OC0zNDM2M2JjN2M0YzAiOnsiY3JlYXRlIjo2MDAwMDAwMDAwMDAsImRlbGV0ZSI6NjAwMDAwMDAwMDAwLCJ1cGRhdGUiOjYwMDAwMDAwMDAwMH19",
          "dependencies": [
            "aws_iam_role.lambda_exec"
          ],
          "create_before_destroy": true
        }
      ]
    },
    {
      "module": "module.lambda",
      "mode": "managed",
      "type": "aws_lambda_permission",
      "name": "lambda_permission",
      "provider": "provider[\"registry.terraform.io/hashicorp/aws\"]",
      "instances": [
        {
          "schema_version": 0,
          "attributes": {
            "action": "lambda:InvokeFunction",
            "event_source_token": null,
            "function_name": "lambda_handler",
            "function_url_auth_type": null,
            "id": "AllowMyDemoAPIInvoke",
            "principal": "apigateway.amazonaws.com",
            "principal_org_id": null,
            "qualifier": "",
            "source_account": null,
            "source_arn": "arn:aws:execute-api:eu-west-1:891377255640:the1tn4x18/*",
            "statement_id": "AllowMyDemoAPIInvoke",
            "statement_id_prefix": ""
          },
          "sensitive_attributes": [],
          "private": "bnVsbA==",
          "dependencies": [
            "aws_iam_role.lambda_exec",
            "module.API_REST.aws_api_gateway_rest_api.valAPI",
            "module.lambda.aws_lambda_function.test_lambda"
          ]
        }
      ]
    }
  ],
  "check_results": null
}
